// !$*UTF8*$!
{
	archiveVersion = 1;
	classes = {
	};
	objectVersion = 48;
	objects = {

/* Begin PBXBuildFile section */
		A62E73F01FED73830098611B /* UIViewExtension.swift in Sources */ = {isa = PBXBuildFile; fileRef = A62E73EF1FED73830098611B /* UIViewExtension.swift */; };
		A62E73F21FED79000098611B /* UIButtonExtension.swift in Sources */ = {isa = PBXBuildFile; fileRef = A62E73F11FED79000098611B /* UIButtonExtension.swift */; };
		A633772E1FC30DE00083198A /* BacketModel.swift in Sources */ = {isa = PBXBuildFile; fileRef = A633772D1FC30DE00083198A /* BacketModel.swift */; };
		A63720901FE402E600E1BFFF /* OrederStruct.swift in Sources */ = {isa = PBXBuildFile; fileRef = A637208F1FE402E600E1BFFF /* OrederStruct.swift */; };
		A63720921FE405FC00E1BFFF /* OrderController.swift in Sources */ = {isa = PBXBuildFile; fileRef = A63720911FE405FC00E1BFFF /* OrderController.swift */; };
		A6414D611FBC655F00FFD903 /* AppDelegate.swift in Sources */ = {isa = PBXBuildFile; fileRef = A6414D601FBC655F00FFD903 /* AppDelegate.swift */; };
		A6414D631FBC655F00FFD903 /* ViewController.swift in Sources */ = {isa = PBXBuildFile; fileRef = A6414D621FBC655F00FFD903 /* ViewController.swift */; };
		A6414D661FBC655F00FFD903 /* Main.storyboard in Resources */ = {isa = PBXBuildFile; fileRef = A6414D641FBC655F00FFD903 /* Main.storyboard */; };
		A6414D6B1FBC655F00FFD903 /* LaunchScreen.storyboard in Resources */ = {isa = PBXBuildFile; fileRef = A6414D691FBC655F00FFD903 /* LaunchScreen.storyboard */; };
		A6414D731FBC660700FFD903 /* MenuController.swift in Sources */ = {isa = PBXBuildFile; fileRef = A6414D721FBC660700FFD903 /* MenuController.swift */; };
		A6414D791FBC686800FFD903 /* MenuCell.swift in Sources */ = {isa = PBXBuildFile; fileRef = A6414D781FBC686800FFD903 /* MenuCell.swift */; };
		A6414D7E1FBC697A00FFD903 /* MenuModel.swift in Sources */ = {isa = PBXBuildFile; fileRef = A6414D7D1FBC697A00FFD903 /* MenuModel.swift */; };
		A6414D801FBC6A3600FFD903 /* MenuItem.swift in Sources */ = {isa = PBXBuildFile; fileRef = A6414D7F1FBC6A3600FFD903 /* MenuItem.swift */; };
		A6CAD4121FC3071700230DB7 /* BacketMenuController.swift in Sources */ = {isa = PBXBuildFile; fileRef = A6CAD4111FC3071700230DB7 /* BacketMenuController.swift */; };
		A6CC91D11FDBD9EE00B1BC5D /* File.swift in Sources */ = {isa = PBXBuildFile; fileRef = A6CC91D01FDBD9EE00B1BC5D /* File.swift */; };
		A6E22CAC1FDC6DE700E0B191 /* SpecialsStruct.swift in Sources */ = {isa = PBXBuildFile; fileRef = A6E22CAB1FDC6DE700E0B191 /* SpecialsStruct.swift */; };
		A6E497281FDAD4C5000D7998 /* Responce.swift in Sources */ = {isa = PBXBuildFile; fileRef = A6E497271FDAD4C5000D7998 /* Responce.swift */; };
		A6ECDFF01FC862C0005E04FC /* BacketViewCell.swift in Sources */ = {isa = PBXBuildFile; fileRef = A6ECDFEF1FC862C0005E04FC /* BacketViewCell.swift */; };
		FF06C6602019D88B0049671C /* Media.xcassets in Resources */ = {isa = PBXBuildFile; fileRef = FF06C65F2019D88B0049671C /* Media.xcassets */; };
		FF0F584E2007F80300E2F4F0 /* ValidatedTextField.swift in Sources */ = {isa = PBXBuildFile; fileRef = FF0F584D2007F80300E2F4F0 /* ValidatedTextField.swift */; };
		FF0F585220081F6700E2F4F0 /* KartView.swift in Sources */ = {isa = PBXBuildFile; fileRef = FF0F585120081F6700E2F4F0 /* KartView.swift */; };
		FF0F585420082B6C00E2F4F0 /* KartItem.swift in Sources */ = {isa = PBXBuildFile; fileRef = FF0F585320082B6C00E2F4F0 /* KartItem.swift */; };
		FF22DD9C201B45F20027D726 /* MenuControllerExtenshion.swift in Sources */ = {isa = PBXBuildFile; fileRef = FF22DD9B201B45F20027D726 /* MenuControllerExtenshion.swift */; };
		FF2455AE1FCC3F55005BBF45 /* DownloadService.swift in Sources */ = {isa = PBXBuildFile; fileRef = FF2455AD1FCC3F55005BBF45 /* DownloadService.swift */; };
		FF2455B01FCDF369005BBF45 /* PriceLable.swift in Sources */ = {isa = PBXBuildFile; fileRef = FF2455AF1FCDF369005BBF45 /* PriceLable.swift */; };
		FF39B59B2002BC41002AFE40 /* LaunchViewController.swift in Sources */ = {isa = PBXBuildFile; fileRef = FF39B59A2002BC41002AFE40 /* LaunchViewController.swift */; };
		FF39B59D2002E442002AFE40 /* ValidationErrorView.swift in Sources */ = {isa = PBXBuildFile; fileRef = FF39B59C2002E442002AFE40 /* ValidationErrorView.swift */; };
		FF8B4DED1FD374E40021821F /* MainService.swift in Sources */ = {isa = PBXBuildFile; fileRef = FF8B4DEC1FD374E40021821F /* MainService.swift */; };
		FFE260C21FF0F2F900EDAC2F /* DoneVC.swift in Sources */ = {isa = PBXBuildFile; fileRef = FFE260C01FF0F2F900EDAC2F /* DoneVC.swift */; };
		FFE260C31FF0F2F900EDAC2F /* DoneVC.xib in Resources */ = {isa = PBXBuildFile; fileRef = FFE260C11FF0F2F900EDAC2F /* DoneVC.xib */; };
		FFE5EC071FD6C3E800C86643 /* SpecialsService.swift in Sources */ = {isa = PBXBuildFile; fileRef = FFE5EC061FD6C3E800C86643 /* SpecialsService.swift */; };
		FFE5EC0A1FD6C47F00C86643 /* Constants.swift in Sources */ = {isa = PBXBuildFile; fileRef = FFE5EC091FD6C47F00C86643 /* Constants.swift */; };
/* End PBXBuildFile section */

/* Begin PBXFileReference section */
		A62E73EF1FED73830098611B /* UIViewExtension.swift */ = {isa = PBXFileReference; lastKnownFileType = sourcecode.swift; path = UIViewExtension.swift; sourceTree = "<group>"; };
		A62E73F11FED79000098611B /* UIButtonExtension.swift */ = {isa = PBXFileReference; lastKnownFileType = sourcecode.swift; path = UIButtonExtension.swift; sourceTree = "<group>"; };
		A633772D1FC30DE00083198A /* BacketModel.swift */ = {isa = PBXFileReference; lastKnownFileType = sourcecode.swift; path = BacketModel.swift; sourceTree = "<group>"; };
		A637208F1FE402E600E1BFFF /* OrederStruct.swift */ = {isa = PBXFileReference; lastKnownFileType = sourcecode.swift; path = OrederStruct.swift; sourceTree = "<group>"; };
		A63720911FE405FC00E1BFFF /* OrderController.swift */ = {isa = PBXFileReference; lastKnownFileType = sourcecode.swift; path = OrderController.swift; sourceTree = "<group>"; };
		A6414D5D1FBC655F00FFD903 /* ChinaShop.app */ = {isa = PBXFileReference; explicitFileType = wrapper.application; includeInIndex = 0; path = ChinaShop.app; sourceTree = BUILT_PRODUCTS_DIR; };
		A6414D601FBC655F00FFD903 /* AppDelegate.swift */ = {isa = PBXFileReference; lastKnownFileType = sourcecode.swift; path = AppDelegate.swift; sourceTree = "<group>"; };
		A6414D621FBC655F00FFD903 /* ViewController.swift */ = {isa = PBXFileReference; lastKnownFileType = sourcecode.swift; path = ViewController.swift; sourceTree = "<group>"; };
		A6414D651FBC655F00FFD903 /* Base */ = {isa = PBXFileReference; lastKnownFileType = file.storyboard; name = Base; path = Base.lproj/Main.storyboard; sourceTree = "<group>"; };
		A6414D6A1FBC655F00FFD903 /* Base */ = {isa = PBXFileReference; lastKnownFileType = file.storyboard; name = Base; path = Base.lproj/LaunchScreen.storyboard; sourceTree = "<group>"; };
		A6414D6C1FBC655F00FFD903 /* Info.plist */ = {isa = PBXFileReference; lastKnownFileType = text.plist.xml; path = Info.plist; sourceTree = "<group>"; };
		A6414D721FBC660700FFD903 /* MenuController.swift */ = {isa = PBXFileReference; lastKnownFileType = sourcecode.swift; path = MenuController.swift; sourceTree = "<group>"; };
		A6414D781FBC686800FFD903 /* MenuCell.swift */ = {isa = PBXFileReference; lastKnownFileType = sourcecode.swift; path = MenuCell.swift; sourceTree = "<group>"; };
		A6414D7D1FBC697A00FFD903 /* MenuModel.swift */ = {isa = PBXFileReference; lastKnownFileType = sourcecode.swift; path = MenuModel.swift; sourceTree = "<group>"; };
		A6414D7F1FBC6A3600FFD903 /* MenuItem.swift */ = {isa = PBXFileReference; lastKnownFileType = sourcecode.swift; path = MenuItem.swift; sourceTree = "<group>"; };
		A6CAD4111FC3071700230DB7 /* BacketMenuController.swift */ = {isa = PBXFileReference; lastKnownFileType = sourcecode.swift; path = BacketMenuController.swift; sourceTree = "<group>"; };
		A6CC91D01FDBD9EE00B1BC5D /* File.swift */ = {isa = PBXFileReference; lastKnownFileType = sourcecode.swift; path = File.swift; sourceTree = "<group>"; };
		A6E22CAB1FDC6DE700E0B191 /* SpecialsStruct.swift */ = {isa = PBXFileReference; lastKnownFileType = sourcecode.swift; path = SpecialsStruct.swift; sourceTree = "<group>"; };
		A6E497271FDAD4C5000D7998 /* Responce.swift */ = {isa = PBXFileReference; lastKnownFileType = sourcecode.swift; path = Responce.swift; sourceTree = "<group>"; };
		A6ECDFEF1FC862C0005E04FC /* BacketViewCell.swift */ = {isa = PBXFileReference; lastKnownFileType = sourcecode.swift; path = BacketViewCell.swift; sourceTree = "<group>"; };
		FF06C65F2019D88B0049671C /* Media.xcassets */ = {isa = PBXFileReference; lastKnownFileType = folder.assetcatalog; path = Media.xcassets; sourceTree = "<group>"; };
		FF0F584D2007F80300E2F4F0 /* ValidatedTextField.swift */ = {isa = PBXFileReference; lastKnownFileType = sourcecode.swift; path = ValidatedTextField.swift; sourceTree = "<group>"; };
		FF0F585120081F6700E2F4F0 /* KartView.swift */ = {isa = PBXFileReference; lastKnownFileType = sourcecode.swift; path = KartView.swift; sourceTree = "<group>"; };
		FF0F585320082B6C00E2F4F0 /* KartItem.swift */ = {isa = PBXFileReference; lastKnownFileType = sourcecode.swift; path = KartItem.swift; sourceTree = "<group>"; };
		FF22DD9B201B45F20027D726 /* MenuControllerExtenshion.swift */ = {isa = PBXFileReference; lastKnownFileType = sourcecode.swift; path = MenuControllerExtenshion.swift; sourceTree = "<group>"; };
		FF2455AD1FCC3F55005BBF45 /* DownloadService.swift */ = {isa = PBXFileReference; lastKnownFileType = sourcecode.swift; path = DownloadService.swift; sourceTree = "<group>"; };
		FF2455AF1FCDF369005BBF45 /* PriceLable.swift */ = {isa = PBXFileReference; lastKnownFileType = sourcecode.swift; path = PriceLable.swift; sourceTree = "<group>"; };
		FF39B59A2002BC41002AFE40 /* LaunchViewController.swift */ = {isa = PBXFileReference; lastKnownFileType = sourcecode.swift; path = LaunchViewController.swift; sourceTree = "<group>"; };
		FF39B59C2002E442002AFE40 /* ValidationErrorView.swift */ = {isa = PBXFileReference; lastKnownFileType = sourcecode.swift; path = ValidationErrorView.swift; sourceTree = "<group>"; };
		FF8B4DEC1FD374E40021821F /* MainService.swift */ = {isa = PBXFileReference; lastKnownFileType = sourcecode.swift; path = MainService.swift; sourceTree = "<group>"; };
		FFE260C01FF0F2F900EDAC2F /* DoneVC.swift */ = {isa = PBXFileReference; lastKnownFileType = sourcecode.swift; path = DoneVC.swift; sourceTree = "<group>"; };
		FFE260C11FF0F2F900EDAC2F /* DoneVC.xib */ = {isa = PBXFileReference; lastKnownFileType = file.xib; path = DoneVC.xib; sourceTree = "<group>"; };
		FFE5EC061FD6C3E800C86643 /* SpecialsService.swift */ = {isa = PBXFileReference; lastKnownFileType = sourcecode.swift; path = SpecialsService.swift; sourceTree = "<group>"; };
		FFE5EC091FD6C47F00C86643 /* Constants.swift */ = {isa = PBXFileReference; lastKnownFileType = sourcecode.swift; path = Constants.swift; sourceTree = "<group>"; };
/* End PBXFileReference section */

/* Begin PBXFrameworksBuildPhase section */
		A6414D5A1FBC655F00FFD903 /* Frameworks */ = {
			isa = PBXFrameworksBuildPhase;
			buildActionMask = 2147483647;
			files = (
			);
			runOnlyForDeploymentPostprocessing = 0;
		};
/* End PBXFrameworksBuildPhase section */

/* Begin PBXGroup section */
		A6414D541FBC655F00FFD903 = {
			isa = PBXGroup;
			children = (
				A6414D5F1FBC655F00FFD903 /* ChinaShop */,
				A6414D5E1FBC655F00FFD903 /* Products */,
			);
			sourceTree = "<group>";
		};
		A6414D5E1FBC655F00FFD903 /* Products */ = {
			isa = PBXGroup;
			children = (
				A6414D5D1FBC655F00FFD903 /* ChinaShop.app */,
			);
			name = Products;
			sourceTree = "<group>";
		};
		A6414D5F1FBC655F00FFD903 /* ChinaShop */ = {
			isa = PBXGroup;
			children = (
				FFE5EC081FD6C46D00C86643 /* Utilities */,
				FF2455AC1FCC3F20005BBF45 /* Services */,
				A6414D7B1FBC690300FFD903 /* model */,
				A6414D751FBC664700FFD903 /* Views */,
				A6414D741FBC661000FFD903 /* Controllers */,
				A6414D601FBC655F00FFD903 /* AppDelegate.swift */,
				A6414D621FBC655F00FFD903 /* ViewController.swift */,
				A6414D641FBC655F00FFD903 /* Main.storyboard */,
				A6414D691FBC655F00FFD903 /* LaunchScreen.storyboard */,
				FF06C65F2019D88B0049671C /* Media.xcassets */,
				A6414D6C1FBC655F00FFD903 /* Info.plist */,
			);
			path = ChinaShop;
			sourceTree = "<group>";
		};
		A6414D741FBC661000FFD903 /* Controllers */ = {
			isa = PBXGroup;
			children = (
				FFE260C01FF0F2F900EDAC2F /* DoneVC.swift */,
				A6414D721FBC660700FFD903 /* MenuController.swift */,
				A6CAD4111FC3071700230DB7 /* BacketMenuController.swift */,
				A63720911FE405FC00E1BFFF /* OrderController.swift */,
				FF39B59A2002BC41002AFE40 /* LaunchViewController.swift */,
				FF22DD9B201B45F20027D726 /* MenuControllerExtenshion.swift */,
			);
			path = Controllers;
			sourceTree = "<group>";
		};
		A6414D751FBC664700FFD903 /* Views */ = {
			isa = PBXGroup;
			children = (
				A6414D781FBC686800FFD903 /* MenuCell.swift */,
				A6ECDFEF1FC862C0005E04FC /* BacketViewCell.swift */,
				FF2455AF1FCDF369005BBF45 /* PriceLable.swift */,
				FFE260C11FF0F2F900EDAC2F /* DoneVC.xib */,
				FF39B59C2002E442002AFE40 /* ValidationErrorView.swift */,
				FF0F584D2007F80300E2F4F0 /* ValidatedTextField.swift */,
				FF0F585120081F6700E2F4F0 /* KartView.swift */,
			);
			path = Views;
			sourceTree = "<group>";
		};
		A6414D7B1FBC690300FFD903 /* model */ = {
			isa = PBXGroup;
			children = (
				A6414D7D1FBC697A00FFD903 /* MenuModel.swift */,
				A633772D1FC30DE00083198A /* BacketModel.swift */,
				A6414D7F1FBC6A3600FFD903 /* MenuItem.swift */,
				A6E497271FDAD4C5000D7998 /* Responce.swift */,
				A6CC91D01FDBD9EE00B1BC5D /* File.swift */,
				A6E22CAB1FDC6DE700E0B191 /* SpecialsStruct.swift */,
				A637208F1FE402E600E1BFFF /* OrederStruct.swift */,
				A62E73EF1FED73830098611B /* UIViewExtension.swift */,
				A62E73F11FED79000098611B /* UIButtonExtension.swift */,
			);
			path = model;
			sourceTree = "<group>";
		};
		FF2455AC1FCC3F20005BBF45 /* Services */ = {
			isa = PBXGroup;
			children = (
				FF2455AD1FCC3F55005BBF45 /* DownloadService.swift */,
				FF8B4DEC1FD374E40021821F /* MainService.swift */,
				FFE5EC061FD6C3E800C86643 /* SpecialsService.swift */,
			);
			path = Services;
			sourceTree = "<group>";
		};
		FFE5EC081FD6C46D00C86643 /* Utilities */ = {
			isa = PBXGroup;
			children = (
				FFE5EC091FD6C47F00C86643 /* Constants.swift */,
				FF0F585320082B6C00E2F4F0 /* KartItem.swift */,
			);
			path = Utilities;
			sourceTree = "<group>";
		};
/* End PBXGroup section */

/* Begin PBXNativeTarget section */
		A6414D5C1FBC655F00FFD903 /* ChinaShop */ = {
			isa = PBXNativeTarget;
			buildConfigurationList = A6414D6F1FBC655F00FFD903 /* Build configuration list for PBXNativeTarget "ChinaShop" */;
			buildPhases = (
				A6414D591FBC655F00FFD903 /* Sources */,
				A6414D5A1FBC655F00FFD903 /* Frameworks */,
				A6414D5B1FBC655F00FFD903 /* Resources */,
			);
			buildRules = (
			);
			dependencies = (
			);
			name = ChinaShop;
			productName = ChinaShop;
			productReference = A6414D5D1FBC655F00FFD903 /* ChinaShop.app */;
			productType = "com.apple.product-type.application";
		};
/* End PBXNativeTarget section */

/* Begin PBXProject section */
		A6414D551FBC655F00FFD903 /* Project object */ = {
			isa = PBXProject;
			attributes = {
				LastSwiftUpdateCheck = 0910;
				LastUpgradeCheck = 0910;
				ORGANIZATIONNAME = "Arseniy Arseniev";
				TargetAttributes = {
					A6414D5C1FBC655F00FFD903 = {
						CreatedOnToolsVersion = 9.1;
						ProvisioningStyle = Automatic;
					};
				};
			};
			buildConfigurationList = A6414D581FBC655F00FFD903 /* Build configuration list for PBXProject "ChinaShop" */;
			compatibilityVersion = "Xcode 8.0";
			developmentRegion = en;
			hasScannedForEncodings = 0;
			knownRegions = (
				en,
				Base,
			);
			mainGroup = A6414D541FBC655F00FFD903;
			productRefGroup = A6414D5E1FBC655F00FFD903 /* Products */;
			projectDirPath = "";
			projectRoot = "";
			targets = (
				A6414D5C1FBC655F00FFD903 /* ChinaShop */,
			);
		};
/* End PBXProject section */

/* Begin PBXResourcesBuildPhase section */
		A6414D5B1FBC655F00FFD903 /* Resources */ = {
			isa = PBXResourcesBuildPhase;
			buildActionMask = 2147483647;
			files = (
				FF06C6602019D88B0049671C /* Media.xcassets in Resources */,
				A6414D6B1FBC655F00FFD903 /* LaunchScreen.storyboard in Resources */,
				FFE260C31FF0F2F900EDAC2F /* DoneVC.xib in Resources */,
				A6414D661FBC655F00FFD903 /* Main.storyboard in Resources */,
			);
			runOnlyForDeploymentPostprocessing = 0;
		};
/* End PBXResourcesBuildPhase section */

/* Begin PBXSourcesBuildPhase section */
		A6414D591FBC655F00FFD903 /* Sources */ = {
			isa = PBXSourcesBuildPhase;
			buildActionMask = 2147483647;
			files = (
				A63720921FE405FC00E1BFFF /* OrderController.swift in Sources */,
				A6CAD4121FC3071700230DB7 /* BacketMenuController.swift in Sources */,
				A6414D631FBC655F00FFD903 /* ViewController.swift in Sources */,
				FFE5EC071FD6C3E800C86643 /* SpecialsService.swift in Sources */,
				FF0F585220081F6700E2F4F0 /* KartView.swift in Sources */,
				FF39B59D2002E442002AFE40 /* ValidationErrorView.swift in Sources */,
				FF39B59B2002BC41002AFE40 /* LaunchViewController.swift in Sources */,
				FFE260C21FF0F2F900EDAC2F /* DoneVC.swift in Sources */,
				A63720901FE402E600E1BFFF /* OrederStruct.swift in Sources */,
				FF0F584E2007F80300E2F4F0 /* ValidatedTextField.swift in Sources */,
				FF8B4DED1FD374E40021821F /* MainService.swift in Sources */,
				A6414D731FBC660700FFD903 /* MenuController.swift in Sources */,
				A6CC91D11FDBD9EE00B1BC5D /* File.swift in Sources */,
				A6E22CAC1FDC6DE700E0B191 /* SpecialsStruct.swift in Sources */,
				FF0F585420082B6C00E2F4F0 /* KartItem.swift in Sources */,
				A6E497281FDAD4C5000D7998 /* Responce.swift in Sources */,
				A62E73F01FED73830098611B /* UIViewExtension.swift in Sources */,
				A62E73F21FED79000098611B /* UIButtonExtension.swift in Sources */,
				A6414D7E1FBC697A00FFD903 /* MenuModel.swift in Sources */,
				FF22DD9C201B45F20027D726 /* MenuControllerExtenshion.swift in Sources */,
				A6414D801FBC6A3600FFD903 /* MenuItem.swift in Sources */,
				FF2455AE1FCC3F55005BBF45 /* DownloadService.swift in Sources */,
				A6414D791FBC686800FFD903 /* MenuCell.swift in Sources */,
				A6414D611FBC655F00FFD903 /* AppDelegate.swift in Sources */,
				A6ECDFF01FC862C0005E04FC /* BacketViewCell.swift in Sources */,
				FFE5EC0A1FD6C47F00C86643 /* Constants.swift in Sources */,
				A633772E1FC30DE00083198A /* BacketModel.swift in Sources */,
				FF2455B01FCDF369005BBF45 /* PriceLable.swift in Sources */,
			);
			runOnlyForDeploymentPostprocessing = 0;
		};
/* End PBXSourcesBuildPhase section */

/* Begin PBXVariantGroup section */
		A6414D641FBC655F00FFD903 /* Main.storyboard */ = {
			isa = PBXVariantGroup;
			children = (
				A6414D651FBC655F00FFD903 /* Base */,
			);
			name = Main.storyboard;
			sourceTree = "<group>";
		};
		A6414D691FBC655F00FFD903 /* LaunchScreen.storyboard */ = {
			isa = PBXVariantGroup;
			children = (
				A6414D6A1FBC655F00FFD903 /* Base */,
			);
			name = LaunchScreen.storyboard;
			sourceTree = "<group>";
		};
/* End PBXVariantGroup section */

/* Begin XCBuildConfiguration section */
		A6414D6D1FBC655F00FFD903 /* Debug */ = {
			isa = XCBuildConfiguration;
			buildSettings = {
				ALWAYS_SEARCH_USER_PATHS = NO;
				CLANG_ANALYZER_NONNULL = YES;
				CLANG_ANALYZER_NUMBER_OBJECT_CONVERSION = YES_AGGRESSIVE;
				CLANG_CXX_LANGUAGE_STANDARD = "gnu++14";
				CLANG_CXX_LIBRARY = "libc++";
				CLANG_ENABLE_MODULES = YES;
				CLANG_ENABLE_OBJC_ARC = YES;
				CLANG_WARN_BLOCK_CAPTURE_AUTORELEASING = YES;
				CLANG_WARN_BOOL_CONVERSION = YES;
				CLANG_WARN_COMMA = YES;
				CLANG_WARN_CONSTANT_CONVERSION = YES;
				CLANG_WARN_DIRECT_OBJC_ISA_USAGE = YES_ERROR;
				CLANG_WARN_DOCUMENTATION_COMMENTS = YES;
				CLANG_WARN_EMPTY_BODY = YES;
				CLANG_WARN_ENUM_CONVERSION = YES;
				CLANG_WARN_INFINITE_RECURSION = YES;
				CLANG_WARN_INT_CONVERSION = YES;
				CLANG_WARN_NON_LITERAL_NULL_CONVERSION = YES;
				CLANG_WARN_OBJC_LITERAL_CONVERSION = YES;
				CLANG_WARN_OBJC_ROOT_CLASS = YES_ERROR;
				CLANG_WARN_RANGE_LOOP_ANALYSIS = YES;
				CLANG_WARN_STRICT_PROTOTYPES = YES;
				CLANG_WARN_SUSPICIOUS_MOVE = YES;
				CLANG_WARN_UNGUARDED_AVAILABILITY = YES_AGGRESSIVE;
				CLANG_WARN_UNREACHABLE_CODE = YES;
				CLANG_WARN__DUPLICATE_METHOD_MATCH = YES;
				CODE_SIGN_IDENTITY = "iPhone Developer";
				COPY_PHASE_STRIP = NO;
				DEBUG_INFORMATION_FORMAT = dwarf;
				ENABLE_STRICT_OBJC_MSGSEND = YES;
				ENABLE_TESTABILITY = YES;
				GCC_C_LANGUAGE_STANDARD = gnu11;
				GCC_DYNAMIC_NO_PIC = NO;
				GCC_NO_COMMON_BLOCKS = YES;
				GCC_OPTIMIZATION_LEVEL = 0;
				GCC_PREPROCESSOR_DEFINITIONS = (
					"DEBUG=1",
					"$(inherited)",
				);
				GCC_WARN_64_TO_32_BIT_CONVERSION = YES;
				GCC_WARN_ABOUT_RETURN_TYPE = YES_ERROR;
				GCC_WARN_UNDECLARED_SELECTOR = YES;
				GCC_WARN_UNINITIALIZED_AUTOS = YES_AGGRESSIVE;
				GCC_WARN_UNUSED_FUNCTION = YES;
				GCC_WARN_UNUSED_VARIABLE = YES;
				IPHONEOS_DEPLOYMENT_TARGET = 11.0;
				MTL_ENABLE_DEBUG_INFO = YES;
				ONLY_ACTIVE_ARCH = YES;
				SDKROOT = iphoneos;
				SWIFT_ACTIVE_COMPILATION_CONDITIONS = DEBUG;
				SWIFT_OPTIMIZATION_LEVEL = "-Onone";
			};
			name = Debug;
		};
		A6414D6E1FBC655F00FFD903 /* Release */ = {
			isa = XCBuildConfiguration;
			buildSettings = {
				ALWAYS_SEARCH_USER_PATHS = NO;
				CLANG_ANALYZER_NONNULL = YES;
				CLANG_ANALYZER_NUMBER_OBJECT_CONVERSION = YES_AGGRESSIVE;
				CLANG_CXX_LANGUAGE_STANDARD = "gnu++14";
				CLANG_CXX_LIBRARY = "libc++";
				CLANG_ENABLE_MODULES = YES;
				CLANG_ENABLE_OBJC_ARC = YES;
				CLANG_WARN_BLOCK_CAPTURE_AUTORELEASING = YES;
				CLANG_WARN_BOOL_CONVERSION = YES;
				CLANG_WARN_COMMA = YES;
				CLANG_WARN_CONSTANT_CONVERSION = YES;
				CLANG_WARN_DIRECT_OBJC_ISA_USAGE = YES_ERROR;
				CLANG_WARN_DOCUMENTATION_COMMENTS = YES;
				CLANG_WARN_EMPTY_BODY = YES;
				CLANG_WARN_ENUM_CONVERSION = YES;
				CLANG_WARN_INFINITE_RECURSION = YES;
				CLANG_WARN_INT_CONVERSION = YES;
				CLANG_WARN_NON_LITERAL_NULL_CONVERSION = YES;
				CLANG_WARN_OBJC_LITERAL_CONVERSION = YES;
				CLANG_WARN_OBJC_ROOT_CLASS = YES_ERROR;
				CLANG_WARN_RANGE_LOOP_ANALYSIS = YES;
				CLANG_WARN_STRICT_PROTOTYPES = YES;
				CLANG_WARN_SUSPICIOUS_MOVE = YES;
				CLANG_WARN_UNGUARDED_AVAILABILITY = YES_AGGRESSIVE;
				CLANG_WARN_UNREACHABLE_CODE = YES;
				CLANG_WARN__DUPLICATE_METHOD_MATCH = YES;
				CODE_SIGN_IDENTITY = "iPhone Developer";
				COPY_PHASE_STRIP = NO;
				DEBUG_INFORMATION_FORMAT = "dwarf-with-dsym";
				ENABLE_NS_ASSERTIONS = NO;
				ENABLE_STRICT_OBJC_MSGSEND = YES;
				GCC_C_LANGUAGE_STANDARD = gnu11;
				GCC_NO_COMMON_BLOCKS = YES;
				GCC_WARN_64_TO_32_BIT_CONVERSION = YES;
				GCC_WARN_ABOUT_RETURN_TYPE = YES_ERROR;
				GCC_WARN_UNDECLARED_SELECTOR = YES;
				GCC_WARN_UNINITIALIZED_AUTOS = YES_AGGRESSIVE;
				GCC_WARN_UNUSED_FUNCTION = YES;
				GCC_WARN_UNUSED_VARIABLE = YES;
				IPHONEOS_DEPLOYMENT_TARGET = 11.0;
				MTL_ENABLE_DEBUG_INFO = NO;
				SDKROOT = iphoneos;
				SWIFT_OPTIMIZATION_LEVEL = "-Owholemodule";
				VALIDATE_PRODUCT = YES;
			};
			name = Release;
		};
		A6414D701FBC655F00FFD903 /* Debug */ = {
			isa = XCBuildConfiguration;
			buildSettings = {
				ASSETCATALOG_COMPILER_APPICON_NAME = AppIcon;
				ASSETCATALOG_COMPILER_LAUNCHIMAGE_NAME = LaunchImage;
				CODE_SIGN_STYLE = Automatic;
				DEVELOPMENT_TEAM = CH6GQXAMK3;
				INFOPLIST_FILE = ChinaShop/Info.plist;
				IPHONEOS_DEPLOYMENT_TARGET = 11.0;
				LD_RUNPATH_SEARCH_PATHS = "$(inherited) @executable_path/Frameworks";
				PRODUCT_BUNDLE_IDENTIFIER = com.ars.ChinaShop.trg;
				PRODUCT_NAME = "$(TARGET_NAME)";
				SWIFT_VERSION = 4.0;
				TARGETED_DEVICE_FAMILY = 1;
			};
			name = Debug;
		};
		A6414D711FBC655F00FFD903 /* Release */ = {
			isa = XCBuildConfiguration;
			buildSettings = {
				ASSETCATALOG_COMPILER_APPICON_NAME = AppIcon;
				ASSETCATALOG_COMPILER_LAUNCHIMAGE_NAME = LaunchImage;
				CODE_SIGN_STYLE = Automatic;
				DEVELOPMENT_TEAM = CH6GQXAMK3;
				INFOPLIST_FILE = ChinaShop/Info.plist;
				IPHONEOS_DEPLOYMENT_TARGET = 11.0;
				LD_RUNPATH_SEARCH_PATHS = "$(inherited) @executable_path/Frameworks";
				PRODUCT_BUNDLE_IDENTIFIER = com.ars.ChinaShop.trg;
				PRODUCT_NAME = "$(TARGET_NAME)";
				SWIFT_VERSION = 4.0;
				TARGETED_DEVICE_FAMILY = 1;
			};
			name = Release;
		};
/* End XCBuildConfiguration section */

/* Begin XCConfigurationList section */
		A6414D581FBC655F00FFD903 /* Build configuration list for PBXProject "ChinaShop" */ = {
			isa = XCConfigurationList;
			buildConfigurations = (
				A6414D6D1FBC655F00FFD903 /* Debug */,
				A6414D6E1FBC655F00FFD903 /* Release */,
			);
			defaultConfigurationIsVisible = 0;
			defaultConfigurationName = Debug;
		};
		A6414D6F1FBC655F00FFD903 /* Build configuration list for PBXNativeTarget "ChinaShop" */ = {
			isa = XCConfigurationList;
			buildConfigurations = (
				A6414D701FBC655F00FFD903 /* Debug */,
				A6414D711FBC655F00FFD903 /* Release */,
			);
			defaultConfigurationIsVisible = 0;
			defaultConfigurationName = Debug;
		};
/* End XCConfigurationList section */
	};
	rootObject = A6414D551FBC655F00FFD903 /* Project object */;
}
